<?xml version="1.0" encoding="utf-8"?>
<Project ToolsVersion="4.0" xmlns="http://schemas.microsoft.com/developer/msbuild/2003">
  <ItemGroup>
    <Filter Include="リソース ファイル">
      <UniqueIdentifier>{67DA6AB6-F800-4c08-8B7A-83BB121AAD01}</UniqueIdentifier>
      <Extensions>rc;ico;cur;bmp;dlg;rc2;rct;bin;rgs;gif;jpg;jpeg;jpe;resx;tiff;tif;png;wav;mfcribbon-ms</Extensions>
    </Filter>
    <Filter Include="Main">
      <UniqueIdentifier>{4FC737F1-C7A5-4376-A066-2A32D752A2FF}</UniqueIdentifier>
      <Extensions>cpp;c;cc;cxx;def;odl;idl;hpj;bat;asm;asmx</Extensions>
    </Filter>
    <Filter Include="Main\Application">
      <UniqueIdentifier>{e565fbaa-cf34-493d-825c-23f8a750f21b}</UniqueIdentifier>
    </Filter>
    <Filter Include="Main\Object">
      <UniqueIdentifier>{85f208f0-46d0-40ad-9fc7-058505a58bb5}</UniqueIdentifier>
    </Filter>
    <Filter Include="Main\Application\Input">
      <UniqueIdentifier>{a834eb10-e3e7-4d87-91e6-fa08deb83dea}</UniqueIdentifier>
    </Filter>
    <Filter Include="Main\Object\2D">
      <UniqueIdentifier>{e34d5c98-f4db-4986-9778-510d03e34d87}</UniqueIdentifier>
    </Filter>
    <Filter Include="Main\Object\3D">
      <UniqueIdentifier>{9c92a226-2e5a-40a6-a0fe-0a6cf3b1e309}</UniqueIdentifier>
    </Filter>
    <Filter Include="Main\Object\X">
      <UniqueIdentifier>{47611afb-94b2-4c03-941b-191aaf3a641c}</UniqueIdentifier>
    </Filter>
    <Filter Include="Main\Application\Scenes">
      <UniqueIdentifier>{58c862e9-9000-494e-ab1e-2601193084c4}</UniqueIdentifier>
    </Filter>
    <Filter Include="Main\Object\2D\Number">
      <UniqueIdentifier>{3d2dae15-ea42-4f4f-95b4-8c93f5006da6}</UniqueIdentifier>
    </Filter>
    <Filter Include="Main\MiniGame">
      <UniqueIdentifier>{8e8000e1-d380-4c14-8f4a-db797f3ad9e1}</UniqueIdentifier>
    </Filter>
    <Filter Include="Main\Model">
      <UniqueIdentifier>{70c34df7-9db1-43bd-b474-8b523a259b3f}</UniqueIdentifier>
    </Filter>
    <Filter Include="Main\Object\X\Mesh">
      <UniqueIdentifier>{eaed9934-cba2-4c53-88c6-4ab05c97c9e0}</UniqueIdentifier>
    </Filter>
  </ItemGroup>
  <ItemGroup>
    <ClCompile Include="main.cpp">
      <Filter>Main</Filter>
    </ClCompile>
    <ClCompile Include="application.cpp">
      <Filter>Main\Application</Filter>
    </ClCompile>
    <ClCompile Include="camera.cpp">
      <Filter>Main\Application</Filter>
    </ClCompile>
    <ClCompile Include="debug_proc.cpp">
      <Filter>Main\Application</Filter>
    </ClCompile>
    <ClCompile Include="fade.cpp">
      <Filter>Main\Application\Scenes</Filter>
    </ClCompile>
    <ClCompile Include="game.cpp">
      <Filter>Main\Application\Scenes</Filter>
    </ClCompile>
    <ClCompile Include="input.cpp">
      <Filter>Main\Application\Input</Filter>
    </ClCompile>
    <ClCompile Include="input_joypad.cpp">
      <Filter>Main\Application\Input</Filter>
    </ClCompile>
    <ClCompile Include="input_keyboard.cpp">
      <Filter>Main\Application\Input</Filter>
    </ClCompile>
    <ClCompile Include="light.cpp">
      <Filter>Main\Application</Filter>
    </ClCompile>
    <ClCompile Include="object.cpp">
      <Filter>Main\Object</Filter>
    </ClCompile>
    <ClCompile Include="object2D.cpp">
      <Filter>Main\Object\2D</Filter>
    </ClCompile>
    <ClCompile Include="object3d.cpp">
      <Filter>Main\Object\3D</Filter>
    </ClCompile>
    <ClCompile Include="objectX.cpp">
      <Filter>Main\Object\X</Filter>
    </ClCompile>
    <ClCompile Include="ranking.cpp">
      <Filter>Main\Object</Filter>
    </ClCompile>
    <ClCompile Include="renderer.cpp">
      <Filter>Main\Application</Filter>
    </ClCompile>
    <ClCompile Include="result.cpp">
      <Filter>Main\Application\Scenes</Filter>
    </ClCompile>
    <ClCompile Include="title.cpp">
      <Filter>Main\Application\Scenes</Filter>
    </ClCompile>
    <ClCompile Include="sound.cpp">
      <Filter>Main\Application</Filter>
    </ClCompile>
    <ClCompile Include="texture.cpp">
      <Filter>Main\Application</Filter>
    </ClCompile>
    <ClCompile Include="utility.cpp">
      <Filter>Main\Object</Filter>
    </ClCompile>
    <ClCompile Include="number.cpp">
      <Filter>Main\Object\2D\Number</Filter>
    </ClCompile>
    <ClCompile Include="time.cpp">
      <Filter>Main\Object\2D\Number</Filter>
    </ClCompile>
    <ClCompile Include="bg.cpp">
      <Filter>Main\Object</Filter>
    </ClCompile>
    <ClCompile Include="sky.cpp">
      <Filter>Main\Object\X\Mesh</Filter>
    </ClCompile>
    <ClCompile Include="mesh.cpp">
      <Filter>Main\Object\X\Mesh</Filter>
    </ClCompile>
    <ClCompile Include="meshfield.cpp">
      <Filter>Main\Object\X\Mesh</Filter>
    </ClCompile>
    <ClCompile Include="move.cpp">
      <Filter>Main\Application</Filter>
    </ClCompile>
    <ClCompile Include="player.cpp">
      <Filter>Main\Object</Filter>
    </ClCompile>
    <ClCompile Include="mini_game_basis.cpp">
      <Filter>Main\MiniGame</Filter>
    </ClCompile>
    <ClCompile Include="mini_game_buttonpush.cpp">
      <Filter>Main\MiniGame</Filter>
    </ClCompile>
    <ClCompile Include="motion.cpp">
      <Filter>Main</Filter>
    </ClCompile>
    <ClCompile Include="motion_model3D.cpp">
      <Filter>Main</Filter>
    </ClCompile>
    <ClCompile Include="parts.cpp">
      <Filter>Main\Model</Filter>
    </ClCompile>
    <ClCompile Include="model3D.cpp">
      <Filter>Main\Model</Filter>
    </ClCompile>
    <ClCompile Include="mg_buttonmash.cpp">
      <Filter>Main\MiniGame</Filter>
    </ClCompile>
    <ClCompile Include="stage_select.cpp">
      <Filter>Main\Application\Scenes</Filter>
    </ClCompile>
    <ClCompile Include="itemObj.cpp">
      <Filter>Main\Object\X</Filter>
    </ClCompile>
    <ClCompile Include="collision.cpp">
      <Filter>Main</Filter>
    </ClCompile>
    <ClCompile Include="collision_rectangle3D.cpp">
      <Filter>Main</Filter>
    </ClCompile>
    <ClCompile Include="line.cpp">
      <Filter>Main</Filter>
    </ClCompile>
    <ClCompile Include="mg_stickrotate.cpp">
      <Filter>Main\MiniGame</Filter>
    </ClCompile>
    <ClCompile Include="game_center.cpp">
      <Filter>Main\Object\X</Filter>
    </ClCompile>
    <ClCompile Include="rubble.cpp">
      <Filter>Main\Object\X</Filter>
    </ClCompile>
  </ItemGroup>
  <ItemGroup>
    <ClInclude Include="main.h">
      <Filter>Main</Filter>
    </ClInclude>
    <ClInclude Include="application.h">
      <Filter>Main\Application</Filter>
    </ClInclude>
    <ClInclude Include="camera.h">
      <Filter>Main\Application</Filter>
    </ClInclude>
    <ClInclude Include="debug_proc.h">
      <Filter>Main\Application</Filter>
    </ClInclude>
    <ClInclude Include="fade.h">
      <Filter>Main\Application\Scenes</Filter>
    </ClInclude>
    <ClInclude Include="game.h">
      <Filter>Main\Application\Scenes</Filter>
    </ClInclude>
    <ClInclude Include="input.h">
      <Filter>Main\Application\Input</Filter>
    </ClInclude>
    <ClInclude Include="input_joypad.h">
      <Filter>Main\Application\Input</Filter>
    </ClInclude>
    <ClInclude Include="input_keyboard.h">
      <Filter>Main\Application\Input</Filter>
    </ClInclude>
    <ClInclude Include="light.h">
      <Filter>Main\Application</Filter>
    </ClInclude>
    <ClInclude Include="object.h">
      <Filter>Main\Object</Filter>
    </ClInclude>
    <ClInclude Include="object2D.h">
      <Filter>Main\Object\2D</Filter>
    </ClInclude>
    <ClInclude Include="object3d.h">
      <Filter>Main\Object\3D</Filter>
    </ClInclude>
    <ClInclude Include="objectX.h">
      <Filter>Main\Object\X</Filter>
    </ClInclude>
    <ClInclude Include="renderer.h">
      <Filter>Main\Application</Filter>
    </ClInclude>
    <ClInclude Include="ranking.h">
      <Filter>Main\Object</Filter>
    </ClInclude>
    <ClInclude Include="result.h">
      <Filter>Main\Application\Scenes</Filter>
    </ClInclude>
    <ClInclude Include="title.h">
      <Filter>Main\Application\Scenes</Filter>
    </ClInclude>
    <ClInclude Include="sound.h">
      <Filter>Main\Application</Filter>
    </ClInclude>
    <ClInclude Include="texture.h">
      <Filter>Main\Application</Filter>
    </ClInclude>
    <ClInclude Include="utility.h">
      <Filter>Main\Object</Filter>
    </ClInclude>
    <ClInclude Include="number.h">
      <Filter>Main\Object\2D\Number</Filter>
    </ClInclude>
    <ClInclude Include="time.h">
      <Filter>Main\Object\2D\Number</Filter>
    </ClInclude>
    <ClInclude Include="bg.h">
      <Filter>Main\Object</Filter>
    </ClInclude>
    <ClInclude Include="sky.h">
      <Filter>Main\Object\X\Mesh</Filter>
    </ClInclude>
    <ClInclude Include="mesh.h">
      <Filter>Main\Object\X\Mesh</Filter>
    </ClInclude>
    <ClInclude Include="meshfield.h">
      <Filter>Main\Object\X\Mesh</Filter>
    </ClInclude>
    <ClInclude Include="move.h">
      <Filter>Main\Application</Filter>
    </ClInclude>
    <ClInclude Include="player.h">
      <Filter>Main\Object</Filter>
    </ClInclude>
    <ClInclude Include="motion.h">
      <Filter>Main</Filter>
    </ClInclude>
    <ClInclude Include="motion_model3D.h">
      <Filter>Main</Filter>
    </ClInclude>
    <ClInclude Include="parts.h">
      <Filter>Main\Model</Filter>
    </ClInclude>
    <ClInclude Include="model3D.h">
      <Filter>Main\Model</Filter>
    </ClInclude>
    <ClInclude Include="mini_game_basis.h">
      <Filter>Main\MiniGame</Filter>
    </ClInclude>
    <ClInclude Include="mini_game_buttonpush.h">
      <Filter>Main\MiniGame</Filter>
    </ClInclude>
    <ClInclude Include="stage_select.h">
      <Filter>Main\Application\Scenes</Filter>
    </ClInclude>
    <ClInclude Include="itemObj.h">
      <Filter>Main\Object\X</Filter>
    </ClInclude>
    <ClInclude Include="collision.h" />
    <ClInclude Include="collision_rectangle3D.h" />
    <ClInclude Include="line.h" />
    <ClInclude Include="mg_stickrotate.h">
      <Filter>Main\MiniGame</Filter>
    </ClInclude>
    <ClInclude Include="mg_buttonmash.h">
      <Filter>Main\MiniGame</Filter>
    </ClInclude>
    <ClInclude Include="game_center.h">
      <Filter>Main\Object\X</Filter>
    </ClInclude>
    <ClInclude Include="rubble.h">
      <Filter>Main\Object\X</Filter>
    </ClInclude>
  </ItemGroup>
</Project>